{
  "name": "book",
  "lockfileVersion": 3,
  "requires": true,
  "packages": {
    "": {
      "devDependencies": {
        "lefthook": "^1.5.0",
        "prettier": "^3.0.2"
      }
    },
    "node_modules/lefthook": {
      "version": "1.5.0",
      "resolved": "https://registry.npmjs.org/lefthook/-/lefthook-1.5.0.tgz",
      "integrity": "sha512-XDmHDgtWD3wydwdtkZc7Kw7QPp3z+QLIXJeFO+hlZjSUDnezUetKRDByY6YenzEU9Ij4ckKlc4iP7m+fnlwW8A==",
      "dev": true,
      "hasInstallScript": true,
      "bin": {
        "lefthook": "bin/index.js"
      },
      "optionalDependencies": {
        "lefthook-darwin-arm64": "1.5.0",
        "lefthook-darwin-x64": "1.5.0",
        "lefthook-freebsd-arm64": "1.5.0",
        "lefthook-freebsd-x64": "1.5.0",
        "lefthook-linux-arm64": "1.5.0",
        "lefthook-linux-x64": "1.5.0",
        "lefthook-windows-arm64": "1.5.0",
        "lefthook-windows-x64": "1.5.0"
      }
    },
    "node_modules/lefthook-darwin-arm64": {
      "version": "1.5.0",
      "resolved": "https://registry.npmjs.org/lefthook-darwin-arm64/-/lefthook-darwin-arm64-1.5.0.tgz",
      "integrity": "sha512-URLZLiaIbwCuN9RD9r99udSvLPbsbGpQ4lFEVuWTkdI5f9pKFBv7Kw5wsCRiQk2vYQFP/vINMXQKO4g2NmToSw==",
      "cpu": [
        "arm64"
      ],
      "dev": true,
      "optional": true,
      "os": [
        "darwin"
      ]
    },
    "node_modules/lefthook-darwin-x64": {
      "version": "1.5.0",
      "resolved": "https://registry.npmjs.org/lefthook-darwin-x64/-/lefthook-darwin-x64-1.5.0.tgz",
      "integrity": "sha512-IrpnZ7Gw4DGNQhE2tWim2v8XFBO5+8CtaOsI+dvXnDyE8OSN2iyojByuqoA4vsLfrYjoG7AykFzoWp6FZZsRng==",
      "cpu": [
        "x64"
      ],
      "dev": true,
      "optional": true,
      "os": [
        "darwin"
      ]
    },
    "node_modules/lefthook-freebsd-arm64": {
      "version": "1.5.0",
      "resolved": "https://registry.npmjs.org/lefthook-freebsd-arm64/-/lefthook-freebsd-arm64-1.5.0.tgz",
      "integrity": "sha512-sVVABorbSa+KWqT/8Sb3PlIlzeO8BQJxBcECRPwjCNd2o34ocVpeZCmRFs5jn3aF+QzUqCSAFyH6XOTvw+G74A==",
      "cpu": [
        "arm64"
      ],
      "dev": true,
      "optional": true,
      "os": [
        "freebsd"
      ]
    },
    "node_modules/lefthook-freebsd-x64": {
      "version": "1.5.0",
      "resolved": "https://registry.npmjs.org/lefthook-freebsd-x64/-/lefthook-freebsd-x64-1.5.0.tgz",
      "integrity": "sha512-cHnpP67BWYDTnx6o4eq52JWYuV4dbpGRJeKH3FItnSpiwbmWJlnXgOI5PVfD9uxB8B6KQ4iaaff8zh2pdUaSPA==",
      "cpu": [
        "x64"
      ],
      "dev": true,
      "optional": true,
      "os": [
        "freebsd"
      ]
    },
    "node_modules/lefthook-linux-arm64": {
      "version": "1.5.0",
      "resolved": "https://registry.npmjs.org/lefthook-linux-arm64/-/lefthook-linux-arm64-1.5.0.tgz",
      "integrity": "sha512-gPB+Tta9xt3dDcB539uSHvKAE3bcxmWbkkQpW3NGlKJOoSLbtHEFd9ZJlNXTJryNxf3zR0uPZj3z4YvfsQUeug==",
      "cpu": [
        "arm64"
      ],
      "dev": true,
      "optional": true,
      "os": [
        "linux"
      ]
    },
    "node_modules/lefthook-linux-x64": {
      "version": "1.5.0",
      "resolved": "https://registry.npmjs.org/lefthook-linux-x64/-/lefthook-linux-x64-1.5.0.tgz",
      "integrity": "sha512-Y3GiUC+8inZpA1bKI0LT9huk0ZGB1VCItdltys5Xe9FCFtkYYgBt981jTjiy2uxDy18DpWnDBlVwjhpyS6kYGw==",
      "cpu": [
        "x64"
      ],
      "dev": true,
      "optional": true,
      "os": [
        "linux"
      ]
    },
    "node_modules/lefthook-windows-arm64": {
      "version": "1.5.0",
      "resolved": "https://registry.npmjs.org/lefthook-windows-arm64/-/lefthook-windows-arm64-1.5.0.tgz",
      "integrity": "sha512-A/sLFrVy1Ivzz61Exv+ymM1T21d/7sraR9+SjpvJ5rz01GhZHbs0Y+T2R/cO0vJfN56gGW+lRrLDEk6UkbURCQ==",
      "cpu": [
        "arm64"
      ],
      "dev": true,
      "optional": true,
      "os": [
        "win32"
      ]
    },
    "node_modules/lefthook-windows-x64": {
      "version": "1.5.0",
      "resolved": "https://registry.npmjs.org/lefthook-windows-x64/-/lefthook-windows-x64-1.5.0.tgz",
      "integrity": "sha512-FBAEhsAXaPMj0dN9a7/GFxaY1N9i1NRbr9TnEDId4lsdNvN3+Al1jNYoTuDRkH5Z5UipruR3j7KhiHX4T+K8cw==",
      "cpu": [
        "x64"
      ],
      "dev": true,
      "optional": true,
      "os": [
        "win32"
      ]
    },
    "node_modules/prettier": {
      "version": "3.0.2",
      "resolved": "https://registry.npmjs.org/prettier/-/prettier-3.0.2.tgz",
      "integrity": "sha512-o2YR9qtniXvwEZlOKbveKfDQVyqxbEIWn48Z8m3ZJjBjcCmUy3xZGIv+7AkaeuaTr6yPXJjwv07ZWlsWbEy1rQ==",
      "dev": true,
      "bin": {
        "prettier": "bin/prettier.cjs"
      },
      "engines": {
        "node": ">=14"
      },
      "funding": {
        "url": "https://github.com/prettier/prettier?sponsor=1"
      }
    }
  }
}
